// !$*UTF8*$!
{
	archiveVersion = 1;
	classes = {
	};
	objectVersion = 50;
	objects = {

/* Begin PBXBuildFile section */
		5627B5F926D5207800A24D3E /* AppDelegate.swift in Sources */ = {isa = PBXBuildFile; fileRef = 5627B5F826D5207800A24D3E /* AppDelegate.swift */; };
		5627B5FB26D5207800A24D3E /* SceneDelegate.swift in Sources */ = {isa = PBXBuildFile; fileRef = 5627B5FA26D5207800A24D3E /* SceneDelegate.swift */; };
		5627B60026D5207800A24D3E /* Main.storyboard in Resources */ = {isa = PBXBuildFile; fileRef = 5627B5FE26D5207800A24D3E /* Main.storyboard */; };
		5627B60226D5207900A24D3E /* Assets.xcassets in Resources */ = {isa = PBXBuildFile; fileRef = 5627B60126D5207900A24D3E /* Assets.xcassets */; };
		5627B60526D5207900A24D3E /* LaunchScreen.storyboard in Resources */ = {isa = PBXBuildFile; fileRef = 5627B60326D5207900A24D3E /* LaunchScreen.storyboard */; };
		5697614126E4F114006CEE85 /* CurrencyConverterService.swift in Sources */ = {isa = PBXBuildFile; fileRef = 5697614026E4F114006CEE85 /* CurrencyConverterService.swift */; };
		56AA548B26D63857005CC168 /* CurrencyConverterServiceTestCase.swift in Sources */ = {isa = PBXBuildFile; fileRef = 56AA548A26D63857005CC168 /* CurrencyConverterServiceTestCase.swift */; };
		56AA549326D63ADD005CC168 /* ConvertViewController.swift in Sources */ = {isa = PBXBuildFile; fileRef = 56AA549226D63ADD005CC168 /* ConvertViewController.swift */; };
		56AA549526D63D92005CC168 /* TranslateViewController.swift in Sources */ = {isa = PBXBuildFile; fileRef = 56AA549426D63D92005CC168 /* TranslateViewController.swift */; };
		56AA549726D63E42005CC168 /* WeatherViewController.swift in Sources */ = {isa = PBXBuildFile; fileRef = 56AA549626D63E42005CC168 /* WeatherViewController.swift */; };
		56AA549F26DD2246005CC168 /* Rate.json in Resources */ = {isa = PBXBuildFile; fileRef = 56AA549E26DD2246005CC168 /* Rate.json */; };
		56AA54A126DD22C3005CC168 /* FakeResponseData.swift in Sources */ = {isa = PBXBuildFile; fileRef = 56AA54A026DD22C3005CC168 /* FakeResponseData.swift */; };
		56AA54A326DE1166005CC168 /* UrlSessionFake.swift in Sources */ = {isa = PBXBuildFile; fileRef = 56AA54A226DE1166005CC168 /* UrlSessionFake.swift */; };
		56AA54A626DF6956005CC168 /* CurrencyConverterService2.swift in Sources */ = {isa = PBXBuildFile; fileRef = 56AA54A526DF6956005CC168 /* CurrencyConverterService2.swift */; };
		56AA54A826DFAE2E005CC168 /* TranslatorService.swift in Sources */ = {isa = PBXBuildFile; fileRef = 56AA54A726DFAE2E005CC168 /* TranslatorService.swift */; };
		56AA54AC26E0F92D005CC168 /* Delm-Medium.otf in Resources */ = {isa = PBXBuildFile; fileRef = 56AA54AA26E0F92D005CC168 /* Delm-Medium.otf */; };
		56AA54AD26E0F92D005CC168 /* ThirstySoftRegular.otf in Resources */ = {isa = PBXBuildFile; fileRef = 56AA54AB26E0F92D005CC168 /* ThirstySoftRegular.otf */; };
		56AA54AF26E0FB6F005CC168 /* UIView+border.swift in Sources */ = {isa = PBXBuildFile; fileRef = 56AA54AE26E0FB6F005CC168 /* UIView+border.swift */; };
		56AA54B126E22088005CC168 /* WeatherService.swift in Sources */ = {isa = PBXBuildFile; fileRef = 56AA54B026E22088005CC168 /* WeatherService.swift */; };
/* End PBXBuildFile section */

/* Begin PBXContainerItemProxy section */
		56AA548D26D63857005CC168 /* PBXContainerItemProxy */ = {
			isa = PBXContainerItemProxy;
			containerPortal = 5627B5ED26D5207800A24D3E /* Project object */;
			proxyType = 1;
			remoteGlobalIDString = 5627B5F426D5207800A24D3E;
			remoteInfo = baluchon;
		};
/* End PBXContainerItemProxy section */

/* Begin PBXFileReference section */
		5627B5F526D5207800A24D3E /* baluchon.app */ = {isa = PBXFileReference; explicitFileType = wrapper.application; includeInIndex = 0; path = baluchon.app; sourceTree = BUILT_PRODUCTS_DIR; };
		5627B5F826D5207800A24D3E /* AppDelegate.swift */ = {isa = PBXFileReference; lastKnownFileType = sourcecode.swift; path = AppDelegate.swift; sourceTree = "<group>"; };
		5627B5FA26D5207800A24D3E /* SceneDelegate.swift */ = {isa = PBXFileReference; lastKnownFileType = sourcecode.swift; path = SceneDelegate.swift; sourceTree = "<group>"; };
		5627B5FF26D5207800A24D3E /* Base */ = {isa = PBXFileReference; lastKnownFileType = file.storyboard; name = Base; path = Base.lproj/Main.storyboard; sourceTree = "<group>"; };
		5627B60126D5207900A24D3E /* Assets.xcassets */ = {isa = PBXFileReference; lastKnownFileType = folder.assetcatalog; path = Assets.xcassets; sourceTree = "<group>"; };
		5627B60426D5207900A24D3E /* Base */ = {isa = PBXFileReference; lastKnownFileType = file.storyboard; name = Base; path = Base.lproj/LaunchScreen.storyboard; sourceTree = "<group>"; };
		5627B60626D5207900A24D3E /* Info.plist */ = {isa = PBXFileReference; lastKnownFileType = text.plist.xml; path = Info.plist; sourceTree = "<group>"; };
		5697614026E4F114006CEE85 /* CurrencyConverterService.swift */ = {isa = PBXFileReference; lastKnownFileType = sourcecode.swift; path = CurrencyConverterService.swift; sourceTree = "<group>"; };
		56AA548826D63857005CC168 /* baluchonTests.xctest */ = {isa = PBXFileReference; explicitFileType = wrapper.cfbundle; includeInIndex = 0; path = baluchonTests.xctest; sourceTree = BUILT_PRODUCTS_DIR; };
		56AA548A26D63857005CC168 /* CurrencyConverterServiceTestCase.swift */ = {isa = PBXFileReference; lastKnownFileType = sourcecode.swift; path = CurrencyConverterServiceTestCase.swift; sourceTree = "<group>"; };
		56AA548C26D63857005CC168 /* Info.plist */ = {isa = PBXFileReference; lastKnownFileType = text.plist.xml; path = Info.plist; sourceTree = "<group>"; };
		56AA549226D63ADD005CC168 /* ConvertViewController.swift */ = {isa = PBXFileReference; lastKnownFileType = sourcecode.swift; name = ConvertViewController.swift; path = baluchon/controller/ConvertViewController.swift; sourceTree = SOURCE_ROOT; };
		56AA549426D63D92005CC168 /* TranslateViewController.swift */ = {isa = PBXFileReference; lastKnownFileType = sourcecode.swift; path = TranslateViewController.swift; sourceTree = "<group>"; };
		56AA549626D63E42005CC168 /* WeatherViewController.swift */ = {isa = PBXFileReference; lastKnownFileType = sourcecode.swift; path = WeatherViewController.swift; sourceTree = "<group>"; };
		56AA549E26DD2246005CC168 /* Rate.json */ = {isa = PBXFileReference; lastKnownFileType = text.json; path = Rate.json; sourceTree = "<group>"; };
		56AA54A026DD22C3005CC168 /* FakeResponseData.swift */ = {isa = PBXFileReference; lastKnownFileType = sourcecode.swift; path = FakeResponseData.swift; sourceTree = "<group>"; };
		56AA54A226DE1166005CC168 /* UrlSessionFake.swift */ = {isa = PBXFileReference; lastKnownFileType = sourcecode.swift; path = UrlSessionFake.swift; sourceTree = "<group>"; };
		56AA54A526DF6956005CC168 /* CurrencyConverterService2.swift */ = {isa = PBXFileReference; fileEncoding = 4; lastKnownFileType = sourcecode.swift; path = CurrencyConverterService2.swift; sourceTree = "<group>"; };
		56AA54A726DFAE2E005CC168 /* TranslatorService.swift */ = {isa = PBXFileReference; lastKnownFileType = sourcecode.swift; path = TranslatorService.swift; sourceTree = "<group>"; };
		56AA54AA26E0F92D005CC168 /* Delm-Medium.otf */ = {isa = PBXFileReference; lastKnownFileType = file; path = "Delm-Medium.otf"; sourceTree = "<group>"; };
		56AA54AB26E0F92D005CC168 /* ThirstySoftRegular.otf */ = {isa = PBXFileReference; lastKnownFileType = file; path = ThirstySoftRegular.otf; sourceTree = "<group>"; };
		56AA54AE26E0FB6F005CC168 /* UIView+border.swift */ = {isa = PBXFileReference; fileEncoding = 4; lastKnownFileType = sourcecode.swift; path = "UIView+border.swift"; sourceTree = "<group>"; };
		56AA54B026E22088005CC168 /* WeatherService.swift */ = {isa = PBXFileReference; lastKnownFileType = sourcecode.swift; path = WeatherService.swift; sourceTree = "<group>"; };
/* End PBXFileReference section */

/* Begin PBXFrameworksBuildPhase section */
		5627B5F226D5207800A24D3E /* Frameworks */ = {
			isa = PBXFrameworksBuildPhase;
			buildActionMask = 2147483647;
			files = (
			);
			runOnlyForDeploymentPostprocessing = 0;
		};
		56AA548526D63857005CC168 /* Frameworks */ = {
			isa = PBXFrameworksBuildPhase;
			buildActionMask = 2147483647;
			files = (
			);
			runOnlyForDeploymentPostprocessing = 0;
		};
/* End PBXFrameworksBuildPhase section */

/* Begin PBXGroup section */
		5627B5EC26D5207800A24D3E = {
			isa = PBXGroup;
			children = (
				5627B5F726D5207800A24D3E /* baluchon */,
				56AA548926D63857005CC168 /* baluchonTests */,
				5627B5F626D5207800A24D3E /* Products */,
			);
			sourceTree = "<group>";
		};
		5627B5F626D5207800A24D3E /* Products */ = {
			isa = PBXGroup;
			children = (
				5627B5F526D5207800A24D3E /* baluchon.app */,
				56AA548826D63857005CC168 /* baluchonTests.xctest */,
			);
			name = Products;
			sourceTree = "<group>";
		};
		5627B5F726D5207800A24D3E /* baluchon */ = {
			isa = PBXGroup;
			children = (
				5627B60F26D5210000A24D3E /* supporting files */,
				5627B60E26D520C900A24D3E /* model */,
				5627B60D26D520B200A24D3E /* view */,
				5627B60C26D520A000A24D3E /* controller */,
			);
			path = baluchon;
			sourceTree = "<group>";
		};
		5627B60C26D520A000A24D3E /* controller */ = {
			isa = PBXGroup;
			children = (
				56AA549426D63D92005CC168 /* TranslateViewController.swift */,
				56AA549226D63ADD005CC168 /* ConvertViewController.swift */,
				56AA549626D63E42005CC168 /* WeatherViewController.swift */,
			);
			path = controller;
			sourceTree = "<group>";
		};
		5627B60D26D520B200A24D3E /* view */ = {
			isa = PBXGroup;
			children = (
				56AA54AE26E0FB6F005CC168 /* UIView+border.swift */,
				56AA54A926E0F92D005CC168 /* fonts */,
				5627B60326D5207900A24D3E /* LaunchScreen.storyboard */,
				5627B60126D5207900A24D3E /* Assets.xcassets */,
				5627B5FE26D5207800A24D3E /* Main.storyboard */,
			);
			path = view;
			sourceTree = "<group>";
		};
		5627B60E26D520C900A24D3E /* model */ = {
			isa = PBXGroup;
			children = (
				56AA54A526DF6956005CC168 /* CurrencyConverterService2.swift */,
				56AA54A726DFAE2E005CC168 /* TranslatorService.swift */,
				56AA54B026E22088005CC168 /* WeatherService.swift */,
				5697614026E4F114006CEE85 /* CurrencyConverterService.swift */,
			);
			path = model;
			sourceTree = "<group>";
		};
		5627B60F26D5210000A24D3E /* supporting files */ = {
			isa = PBXGroup;
			children = (
				5627B5F826D5207800A24D3E /* AppDelegate.swift */,
				5627B5FA26D5207800A24D3E /* SceneDelegate.swift */,
				5627B60626D5207900A24D3E /* Info.plist */,
			);
			path = "supporting files";
			sourceTree = "<group>";
		};
		56AA548926D63857005CC168 /* baluchonTests */ = {
			isa = PBXGroup;
			children = (
				56AA548A26D63857005CC168 /* CurrencyConverterServiceTestCase.swift */,
				56AA548C26D63857005CC168 /* Info.plist */,
				56AA549E26DD2246005CC168 /* Rate.json */,
				56AA54A026DD22C3005CC168 /* FakeResponseData.swift */,
				56AA54A226DE1166005CC168 /* UrlSessionFake.swift */,
			);
			path = baluchonTests;
			sourceTree = "<group>";
		};
		56AA54A926E0F92D005CC168 /* fonts */ = {
			isa = PBXGroup;
			children = (
				56AA54AA26E0F92D005CC168 /* Delm-Medium.otf */,
				56AA54AB26E0F92D005CC168 /* ThirstySoftRegular.otf */,
			);
			path = fonts;
			sourceTree = "<group>";
		};
/* End PBXGroup section */

/* Begin PBXNativeTarget section */
		5627B5F426D5207800A24D3E /* baluchon */ = {
			isa = PBXNativeTarget;
			buildConfigurationList = 5627B60926D5207900A24D3E /* Build configuration list for PBXNativeTarget "baluchon" */;
			buildPhases = (
				5627B5F126D5207800A24D3E /* Sources */,
				5627B5F226D5207800A24D3E /* Frameworks */,
				5627B5F326D5207800A24D3E /* Resources */,
			);
			buildRules = (
			);
			dependencies = (
			);
			name = baluchon;
			productName = baluchon;
			productReference = 5627B5F526D5207800A24D3E /* baluchon.app */;
			productType = "com.apple.product-type.application";
		};
		56AA548726D63857005CC168 /* baluchonTests */ = {
			isa = PBXNativeTarget;
			buildConfigurationList = 56AA548F26D63857005CC168 /* Build configuration list for PBXNativeTarget "baluchonTests" */;
			buildPhases = (
				56AA548426D63857005CC168 /* Sources */,
				56AA548526D63857005CC168 /* Frameworks */,
				56AA548626D63857005CC168 /* Resources */,
			);
			buildRules = (
			);
			dependencies = (
				56AA548E26D63857005CC168 /* PBXTargetDependency */,
			);
			name = baluchonTests;
			productName = baluchonTests;
			productReference = 56AA548826D63857005CC168 /* baluchonTests.xctest */;
			productType = "com.apple.product-type.bundle.unit-test";
		};
/* End PBXNativeTarget section */

/* Begin PBXProject section */
		5627B5ED26D5207800A24D3E /* Project object */ = {
			isa = PBXProject;
			attributes = {
				LastSwiftUpdateCheck = 1250;
				LastUpgradeCheck = 1250;
				TargetAttributes = {
					5627B5F426D5207800A24D3E = {
						CreatedOnToolsVersion = 12.5.1;
					};
					56AA548726D63857005CC168 = {
						CreatedOnToolsVersion = 12.5.1;
						TestTargetID = 5627B5F426D5207800A24D3E;
					};
				};
			};
			buildConfigurationList = 5627B5F026D5207800A24D3E /* Build configuration list for PBXProject "baluchon" */;
			compatibilityVersion = "Xcode 9.3";
			developmentRegion = en;
			hasScannedForEncodings = 0;
			knownRegions = (
				en,
				Base,
			);
			mainGroup = 5627B5EC26D5207800A24D3E;
			productRefGroup = 5627B5F626D5207800A24D3E /* Products */;
			projectDirPath = "";
			projectRoot = "";
			targets = (
				5627B5F426D5207800A24D3E /* baluchon */,
				56AA548726D63857005CC168 /* baluchonTests */,
			);
		};
/* End PBXProject section */

/* Begin PBXResourcesBuildPhase section */
		5627B5F326D5207800A24D3E /* Resources */ = {
			isa = PBXResourcesBuildPhase;
			buildActionMask = 2147483647;
			files = (
				5627B60526D5207900A24D3E /* LaunchScreen.storyboard in Resources */,
				5627B60226D5207900A24D3E /* Assets.xcassets in Resources */,
				56AA54AD26E0F92D005CC168 /* ThirstySoftRegular.otf in Resources */,
				56AA54AC26E0F92D005CC168 /* Delm-Medium.otf in Resources */,
				5627B60026D5207800A24D3E /* Main.storyboard in Resources */,
			);
			runOnlyForDeploymentPostprocessing = 0;
		};
		56AA548626D63857005CC168 /* Resources */ = {
			isa = PBXResourcesBuildPhase;
			buildActionMask = 2147483647;
			files = (
				56AA549F26DD2246005CC168 /* Rate.json in Resources */,
			);
			runOnlyForDeploymentPostprocessing = 0;
		};
/* End PBXResourcesBuildPhase section */

/* Begin PBXSourcesBuildPhase section */
		5627B5F126D5207800A24D3E /* Sources */ = {
			isa = PBXSourcesBuildPhase;
			buildActionMask = 2147483647;
			files = (
				56AA54AF26E0FB6F005CC168 /* UIView+border.swift in Sources */,
				56AA54B126E22088005CC168 /* WeatherService.swift in Sources */,
				5627B5F926D5207800A24D3E /* AppDelegate.swift in Sources */,
				56AA549726D63E42005CC168 /* WeatherViewController.swift in Sources */,
				56AA549526D63D92005CC168 /* TranslateViewController.swift in Sources */,
				56AA54A826DFAE2E005CC168 /* TranslatorService.swift in Sources */,
				5627B5FB26D5207800A24D3E /* SceneDelegate.swift in Sources */,
				5697614126E4F114006CEE85 /* CurrencyConverterService.swift in Sources */,
				56AA549326D63ADD005CC168 /* ConvertViewController.swift in Sources */,
				56AA54A626DF6956005CC168 /* CurrencyConverterService2.swift in Sources */,
			);
			runOnlyForDeploymentPostprocessing = 0;
		};
		56AA548426D63857005CC168 /* Sources */ = {
			isa = PBXSourcesBuildPhase;
			buildActionMask = 2147483647;
			files = (
				56AA548B26D63857005CC168 /* CurrencyConverterServiceTestCase.swift in Sources */,
				56AA54A126DD22C3005CC168 /* FakeResponseData.swift in Sources */,
				56AA54A326DE1166005CC168 /* UrlSessionFake.swift in Sources */,
			);
			runOnlyForDeploymentPostprocessing = 0;
		};
/* End PBXSourcesBuildPhase section */

/* Begin PBXTargetDependency section */
		56AA548E26D63857005CC168 /* PBXTargetDependency */ = {
			isa = PBXTargetDependency;
			target = 5627B5F426D5207800A24D3E /* baluchon */;
			targetProxy = 56AA548D26D63857005CC168 /* PBXContainerItemProxy */;
		};
/* End PBXTargetDependency section */

/* Begin PBXVariantGroup section */
		5627B5FE26D5207800A24D3E /* Main.storyboard */ = {
			isa = PBXVariantGroup;
			children = (
				5627B5FF26D5207800A24D3E /* Base */,
			);
			name = Main.storyboard;
			sourceTree = "<group>";
		};
		5627B60326D5207900A24D3E /* LaunchScreen.storyboard */ = {
			isa = PBXVariantGroup;
			children = (
				5627B60426D5207900A24D3E /* Base */,
			);
			name = LaunchScreen.storyboard;
			sourceTree = "<group>";
		};
/* End PBXVariantGroup section */

/* Begin XCBuildConfiguration section */
		5627B60726D5207900A24D3E /* Debug */ = {
			isa = XCBuildConfiguration;
			buildSettings = {
				ALWAYS_SEARCH_USER_PATHS = NO;
				CLANG_ANALYZER_NONNULL = YES;
				CLANG_ANALYZER_NUMBER_OBJECT_CONVERSION = YES_AGGRESSIVE;
				CLANG_CXX_LANGUAGE_STANDARD = "gnu++14";
				CLANG_CXX_LIBRARY = "libc++";
				CLANG_ENABLE_MODULES = YES;
				CLANG_ENABLE_OBJC_ARC = YES;
				CLANG_ENABLE_OBJC_WEAK = YES;
				CLANG_WARN_BLOCK_CAPTURE_AUTORELEASING = YES;
				CLANG_WARN_BOOL_CONVERSION = YES;
				CLANG_WARN_COMMA = YES;
				CLANG_WARN_CONSTANT_CONVERSION = YES;
				CLANG_WARN_DEPRECATED_OBJC_IMPLEMENTATIONS = YES;
				CLANG_WARN_DIRECT_OBJC_ISA_USAGE = YES_ERROR;
				CLANG_WARN_DOCUMENTATION_COMMENTS = YES;
				CLANG_WARN_EMPTY_BODY = YES;
				CLANG_WARN_ENUM_CONVERSION = YES;
				CLANG_WARN_INFINITE_RECURSION = YES;
				CLANG_WARN_INT_CONVERSION = YES;
				CLANG_WARN_NON_LITERAL_NULL_CONVERSION = YES;
				CLANG_WARN_OBJC_IMPLICIT_RETAIN_SELF = YES;
				CLANG_WARN_OBJC_LITERAL_CONVERSION = YES;
				CLANG_WARN_OBJC_ROOT_CLASS = YES_ERROR;
				CLANG_WARN_QUOTED_INCLUDE_IN_FRAMEWORK_HEADER = YES;
				CLANG_WARN_RANGE_LOOP_ANALYSIS = YES;
				CLANG_WARN_STRICT_PROTOTYPES = YES;
				CLANG_WARN_SUSPICIOUS_MOVE = YES;
				CLANG_WARN_UNGUARDED_AVAILABILITY = YES_AGGRESSIVE;
				CLANG_WARN_UNREACHABLE_CODE = YES;
				CLANG_WARN__DUPLICATE_METHOD_MATCH = YES;
				COPY_PHASE_STRIP = NO;
				DEBUG_INFORMATION_FORMAT = dwarf;
				ENABLE_STRICT_OBJC_MSGSEND = YES;
				ENABLE_TESTABILITY = YES;
				GCC_C_LANGUAGE_STANDARD = gnu11;
				GCC_DYNAMIC_NO_PIC = NO;
				GCC_NO_COMMON_BLOCKS = YES;
				GCC_OPTIMIZATION_LEVEL = 0;
				GCC_PREPROCESSOR_DEFINITIONS = (
					"DEBUG=1",
					"$(inherited)",
				);
				GCC_WARN_64_TO_32_BIT_CONVERSION = YES;
				GCC_WARN_ABOUT_RETURN_TYPE = YES_ERROR;
				GCC_WARN_UNDECLARED_SELECTOR = YES;
				GCC_WARN_UNINITIALIZED_AUTOS = YES_AGGRESSIVE;
				GCC_WARN_UNUSED_FUNCTION = YES;
				GCC_WARN_UNUSED_VARIABLE = YES;
				IPHONEOS_DEPLOYMENT_TARGET = 14.0;
				MTL_ENABLE_DEBUG_INFO = INCLUDE_SOURCE;
				MTL_FAST_MATH = YES;
				ONLY_ACTIVE_ARCH = YES;
				SDKROOT = iphoneos;
				SWIFT_ACTIVE_COMPILATION_CONDITIONS = DEBUG;
				SWIFT_OPTIMIZATION_LEVEL = "-Onone";
			};
			name = Debug;
		};
		5627B60826D5207900A24D3E /* Release */ = {
			isa = XCBuildConfiguration;
			buildSettings = {
				ALWAYS_SEARCH_USER_PATHS = NO;
				CLANG_ANALYZER_NONNULL = YES;
				CLANG_ANALYZER_NUMBER_OBJECT_CONVERSION = YES_AGGRESSIVE;
				CLANG_CXX_LANGUAGE_STANDARD = "gnu++14";
				CLANG_CXX_LIBRARY = "libc++";
				CLANG_ENABLE_MODULES = YES;
				CLANG_ENABLE_OBJC_ARC = YES;
				CLANG_ENABLE_OBJC_WEAK = YES;
				CLANG_WARN_BLOCK_CAPTURE_AUTORELEASING = YES;
				CLANG_WARN_BOOL_CONVERSION = YES;
				CLANG_WARN_COMMA = YES;
				CLANG_WARN_CONSTANT_CONVERSION = YES;
				CLANG_WARN_DEPRECATED_OBJC_IMPLEMENTATIONS = YES;
				CLANG_WARN_DIRECT_OBJC_ISA_USAGE = YES_ERROR;
				CLANG_WARN_DOCUMENTATION_COMMENTS = YES;
				CLANG_WARN_EMPTY_BODY = YES;
				CLANG_WARN_ENUM_CONVERSION = YES;
				CLANG_WARN_INFINITE_RECURSION = YES;
				CLANG_WARN_INT_CONVERSION = YES;
				CLANG_WARN_NON_LITERAL_NULL_CONVERSION = YES;
				CLANG_WARN_OBJC_IMPLICIT_RETAIN_SELF = YES;
				CLANG_WARN_OBJC_LITERAL_CONVERSION = YES;
				CLANG_WARN_OBJC_ROOT_CLASS = YES_ERROR;
				CLANG_WARN_QUOTED_INCLUDE_IN_FRAMEWORK_HEADER = YES;
				CLANG_WARN_RANGE_LOOP_ANALYSIS = YES;
				CLANG_WARN_STRICT_PROTOTYPES = YES;
				CLANG_WARN_SUSPICIOUS_MOVE = YES;
				CLANG_WARN_UNGUARDED_AVAILABILITY = YES_AGGRESSIVE;
				CLANG_WARN_UNREACHABLE_CODE = YES;
				CLANG_WARN__DUPLICATE_METHOD_MATCH = YES;
				COPY_PHASE_STRIP = NO;
				DEBUG_INFORMATION_FORMAT = "dwarf-with-dsym";
				ENABLE_NS_ASSERTIONS = NO;
				ENABLE_STRICT_OBJC_MSGSEND = YES;
				GCC_C_LANGUAGE_STANDARD = gnu11;
				GCC_NO_COMMON_BLOCKS = YES;
				GCC_WARN_64_TO_32_BIT_CONVERSION = YES;
				GCC_WARN_ABOUT_RETURN_TYPE = YES_ERROR;
				GCC_WARN_UNDECLARED_SELECTOR = YES;
				GCC_WARN_UNINITIALIZED_AUTOS = YES_AGGRESSIVE;
				GCC_WARN_UNUSED_FUNCTION = YES;
				GCC_WARN_UNUSED_VARIABLE = YES;
				IPHONEOS_DEPLOYMENT_TARGET = 14.0;
				MTL_ENABLE_DEBUG_INFO = NO;
				MTL_FAST_MATH = YES;
				SDKROOT = iphoneos;
				SWIFT_COMPILATION_MODE = wholemodule;
				SWIFT_OPTIMIZATION_LEVEL = "-O";
				VALIDATE_PRODUCT = YES;
			};
			name = Release;
		};
		5627B60A26D5207900A24D3E /* Debug */ = {
			isa = XCBuildConfiguration;
			buildSettings = {
				ASSETCATALOG_COMPILER_APPICON_NAME = AppIcon;
				ASSETCATALOG_COMPILER_GLOBAL_ACCENT_COLOR_NAME = AccentColor;
				CODE_SIGN_STYLE = Automatic;
				DEVELOPMENT_TEAM = 3Y6V9A6BSD;
				INFOPLIST_FILE = "$(SRCROOT)/baluchon/supporting files/Info.plist";
				LD_RUNPATH_SEARCH_PATHS = (
					"$(inherited)",
					"@executable_path/Frameworks",
				);
				PRODUCT_BUNDLE_IDENTIFIER = fr.free.laurent.aubourg.baluchon;
				PRODUCT_NAME = "$(TARGET_NAME)";
				SWIFT_VERSION = 5.0;
				TARGETED_DEVICE_FAMILY = "1,2";
			};
			name = Debug;
		};
		5627B60B26D5207900A24D3E /* Release */ = {
			isa = XCBuildConfiguration;
			buildSettings = {
				ASSETCATALOG_COMPILER_APPICON_NAME = AppIcon;
				ASSETCATALOG_COMPILER_GLOBAL_ACCENT_COLOR_NAME = AccentColor;
				CODE_SIGN_STYLE = Automatic;
				DEVELOPMENT_TEAM = 3Y6V9A6BSD;
				INFOPLIST_FILE = "$(SRCROOT)/baluchon/supporting files/Info.plist";
				LD_RUNPATH_SEARCH_PATHS = (
					"$(inherited)",
					"@executable_path/Frameworks",
				);
				PRODUCT_BUNDLE_IDENTIFIER = fr.free.laurent.aubourg.baluchon;
				PRODUCT_NAME = "$(TARGET_NAME)";
				SWIFT_VERSION = 5.0;
				TARGETED_DEVICE_FAMILY = "1,2";
			};
			name = Release;
		};
		56AA549026D63857005CC168 /* Debug */ = {
			isa = XCBuildConfiguration;
			buildSettings = {
				BUNDLE_LOADER = "$(TEST_HOST)";
				CODE_SIGN_STYLE = Automatic;
				DEVELOPMENT_TEAM = 3Y6V9A6BSD;
				INFOPLIST_FILE = baluchonTests/Info.plist;
				IPHONEOS_DEPLOYMENT_TARGET = 14.5;
				LD_RUNPATH_SEARCH_PATHS = (
					"$(inherited)",
					"@executable_path/Frameworks",
					"@loader_path/Frameworks",
				);
				PRODUCT_BUNDLE_IDENTIFIER = fr.free.laurent.aubourg.baluchonTests;
				PRODUCT_NAME = "$(TARGET_NAME)";
				SWIFT_VERSION = 5.0;
				TARGETED_DEVICE_FAMILY = "1,2";
				TEST_HOST = "$(BUILT_PRODUCTS_DIR)/baluchon.app/baluchon";
			};
			name = Debug;
		};
		56AA549126D63857005CC168 /* Release */ = {
			isa = XCBuildConfiguration;
			buildSettings = {
				BUNDLE_LOADER = "$(TEST_HOST)";
				CODE_SIGN_STYLE = Automatic;
				DEVELOPMENT_TEAM = 3Y6V9A6BSD;
				INFOPLIST_FILE = baluchonTests/Info.plist;
				IPHONEOS_DEPLOYMENT_TARGET = 14.5;
				LD_RUNPATH_SEARCH_PATHS = (
					"$(inherited)",
					"@executable_path/Frameworks",
					"@loader_path/Frameworks",
				);
				PRODUCT_BUNDLE_IDENTIFIER = fr.free.laurent.aubourg.baluchonTests;
				PRODUCT_NAME = "$(TARGET_NAME)";
				SWIFT_VERSION = 5.0;
				TARGETED_DEVICE_FAMILY = "1,2";
				TEST_HOST = "$(BUILT_PRODUCTS_DIR)/baluchon.app/baluchon";
			};
			name = Release;
		};
/* End XCBuildConfiguration section */

/* Begin XCConfigurationList section */
		5627B5F026D5207800A24D3E /* Build configuration list for PBXProject "baluchon" */ = {
			isa = XCConfigurationList;
			buildConfigurations = (
				5627B60726D5207900A24D3E /* Debug */,
				5627B60826D5207900A24D3E /* Release */,
			);
			defaultConfigurationIsVisible = 0;
			defaultConfigurationName = Release;
		};
		5627B60926D5207900A24D3E /* Build configuration list for PBXNativeTarget "baluchon" */ = {
			isa = XCConfigurationList;
			buildConfigurations = (
				5627B60A26D5207900A24D3E /* Debug */,
				5627B60B26D5207900A24D3E /* Release */,
			);
			defaultConfigurationIsVisible = 0;
			defaultConfigurationName = Release;
		};
		56AA548F26D63857005CC168 /* Build configuration list for PBXNativeTarget "baluchonTests" */ = {
			isa = XCConfigurationList;
			buildConfigurations = (
				56AA549026D63857005CC168 /* Debug */,
				56AA549126D63857005CC168 /* Release */,
			);
			defaultConfigurationIsVisible = 0;
			defaultConfigurationName = Release;
		};
/* End XCConfigurationList section */
	};
	rootObject = 5627B5ED26D5207800A24D3E /* Project object */;
}
